
Microsoft Visual Studio Solution File, Format Version 12.00
# Visual Studio Version 16
VisualStudioVersion = 16.0.31729.503
MinimumVisualStudioVersion = 10.0.40219.1
Project("{FAE04EC0-301F-11D3-BF4B-00C04F79EFBC}") = "HeartBeat", "DMS\HeartBeat.csproj", "{19CD342D-F230-40C8-9039-4DB3D23FA138}"
EndProject
Project("{2150E333-8FDC-42A3-9474-1A3956D46DE8}") = "DAL", "DAL", "{0A4109A0-6E2C-4D28-A218-4A6066FE8AFB}"
EndProject
Project("{2150E333-8FDC-42A3-9474-1A3956D46DE8}") = "BLL", "BLL", "{71798D04-E50C-4668-A2E4-E9092CA87CDA}"
EndProject
Project("{2150E333-8FDC-42A3-9474-1A3956D46DE8}") = "Presentation", "Presentation", "{8AA54A21-48F0-4FB9-AA25-687C1DF57430}"
EndProject
Project("{FAE04EC0-301F-11D3-BF4B-00C04F79EFBC}") = "BLL", "BLL\BLL.csproj", "{99AA0C4A-CF66-450A-8B23-F730DEDCAB96}"
EndProject
Project("{FAE04EC0-301F-11D3-BF4B-00C04F79EFBC}") = "DesktopWPF", "DesktopWPF\DesktopWPF.csproj", "{07061B72-6BCD-4C8F-BFE4-8EFED0A5C4BB}"
EndProject
Project("{FAE04EC0-301F-11D3-BF4B-00C04F79EFBC}") = "WebApp", "WebApp\WebApp.csproj", "{AE939CF9-DB20-4B01-B479-8DEE9E305CEA}"
EndProject
Project("{FAE04EC0-301F-11D3-BF4B-00C04F79EFBC}") = "Dapper", "Dapper\Dapper.csproj", "{9F664981-FFC3-4A7A-894C-F41C8B7BB3A1}"
EndProject
Project("{FAE04EC0-301F-11D3-BF4B-00C04F79EFBC}") = "ADO.NET", "ADO.NET\ADO.NET.csproj", "{D775B971-5220-4918-9865-360411144AB3}"
EndProject
Project("{FAE04EC0-301F-11D3-BF4B-00C04F79EFBC}") = "DAL_EF", "DAL_EF\DAL_EF.csproj", "{044A7DA5-7C76-4D19-9BC9-C0DE7A2C8F46}"
EndProject
Project("{FAE04EC0-301F-11D3-BF4B-00C04F79EFBC}") = "API", "API\API.csproj", "{3A3A3680-B361-40C7-A89F-05CCFE383632}"
EndProject
Global
	GlobalSection(SolutionConfigurationPlatforms) = preSolution
		Debug|Any CPU = Debug|Any CPU
		Release|Any CPU = Release|Any CPU
	EndGlobalSection
	GlobalSection(ProjectConfigurationPlatforms) = postSolution
		{19CD342D-F230-40C8-9039-4DB3D23FA138}.Debug|Any CPU.ActiveCfg = Debug|Any CPU
		{19CD342D-F230-40C8-9039-4DB3D23FA138}.Debug|Any CPU.Build.0 = Debug|Any CPU
		{19CD342D-F230-40C8-9039-4DB3D23FA138}.Release|Any CPU.ActiveCfg = Release|Any CPU
		{19CD342D-F230-40C8-9039-4DB3D23FA138}.Release|Any CPU.Build.0 = Release|Any CPU
		{99AA0C4A-CF66-450A-8B23-F730DEDCAB96}.Debug|Any CPU.ActiveCfg = Debug|Any CPU
		{99AA0C4A-CF66-450A-8B23-F730DEDCAB96}.Debug|Any CPU.Build.0 = Debug|Any CPU
		{99AA0C4A-CF66-450A-8B23-F730DEDCAB96}.Release|Any CPU.ActiveCfg = Release|Any CPU
		{99AA0C4A-CF66-450A-8B23-F730DEDCAB96}.Release|Any CPU.Build.0 = Release|Any CPU
		{07061B72-6BCD-4C8F-BFE4-8EFED0A5C4BB}.Debug|Any CPU.ActiveCfg = Debug|Any CPU
		{07061B72-6BCD-4C8F-BFE4-8EFED0A5C4BB}.Debug|Any CPU.Build.0 = Debug|Any CPU
		{07061B72-6BCD-4C8F-BFE4-8EFED0A5C4BB}.Release|Any CPU.ActiveCfg = Release|Any CPU
		{07061B72-6BCD-4C8F-BFE4-8EFED0A5C4BB}.Release|Any CPU.Build.0 = Release|Any CPU
		{AE939CF9-DB20-4B01-B479-8DEE9E305CEA}.Debug|Any CPU.ActiveCfg = Debug|Any CPU
		{AE939CF9-DB20-4B01-B479-8DEE9E305CEA}.Debug|Any CPU.Build.0 = Debug|Any CPU
		{AE939CF9-DB20-4B01-B479-8DEE9E305CEA}.Release|Any CPU.ActiveCfg = Release|Any CPU
		{AE939CF9-DB20-4B01-B479-8DEE9E305CEA}.Release|Any CPU.Build.0 = Release|Any CPU
		{9F664981-FFC3-4A7A-894C-F41C8B7BB3A1}.Debug|Any CPU.ActiveCfg = Debug|Any CPU
		{9F664981-FFC3-4A7A-894C-F41C8B7BB3A1}.Debug|Any CPU.Build.0 = Debug|Any CPU
		{9F664981-FFC3-4A7A-894C-F41C8B7BB3A1}.Release|Any CPU.ActiveCfg = Release|Any CPU
		{9F664981-FFC3-4A7A-894C-F41C8B7BB3A1}.Release|Any CPU.Build.0 = Release|Any CPU
		{D775B971-5220-4918-9865-360411144AB3}.Debug|Any CPU.ActiveCfg = Debug|Any CPU
		{D775B971-5220-4918-9865-360411144AB3}.Debug|Any CPU.Build.0 = Debug|Any CPU
		{D775B971-5220-4918-9865-360411144AB3}.Release|Any CPU.ActiveCfg = Release|Any CPU
		{D775B971-5220-4918-9865-360411144AB3}.Release|Any CPU.Build.0 = Release|Any CPU
		{044A7DA5-7C76-4D19-9BC9-C0DE7A2C8F46}.Debug|Any CPU.ActiveCfg = Debug|Any CPU
		{044A7DA5-7C76-4D19-9BC9-C0DE7A2C8F46}.Debug|Any CPU.Build.0 = Debug|Any CPU
		{044A7DA5-7C76-4D19-9BC9-C0DE7A2C8F46}.Release|Any CPU.ActiveCfg = Release|Any CPU
		{044A7DA5-7C76-4D19-9BC9-C0DE7A2C8F46}.Release|Any CPU.Build.0 = Release|Any CPU
		{3A3A3680-B361-40C7-A89F-05CCFE383632}.Debug|Any CPU.ActiveCfg = Debug|Any CPU
		{3A3A3680-B361-40C7-A89F-05CCFE383632}.Debug|Any CPU.Build.0 = Debug|Any CPU
		{3A3A3680-B361-40C7-A89F-05CCFE383632}.Release|Any CPU.ActiveCfg = Release|Any CPU
		{3A3A3680-B361-40C7-A89F-05CCFE383632}.Release|Any CPU.Build.0 = Release|Any CPU
	EndGlobalSection
	GlobalSection(SolutionProperties) = preSolution
		HideSolutionNode = FALSE
	EndGlobalSection
	GlobalSection(NestedProjects) = preSolution
		{99AA0C4A-CF66-450A-8B23-F730DEDCAB96} = {71798D04-E50C-4668-A2E4-E9092CA87CDA}
		{07061B72-6BCD-4C8F-BFE4-8EFED0A5C4BB} = {8AA54A21-48F0-4FB9-AA25-687C1DF57430}
		{AE939CF9-DB20-4B01-B479-8DEE9E305CEA} = {8AA54A21-48F0-4FB9-AA25-687C1DF57430}
		{9F664981-FFC3-4A7A-894C-F41C8B7BB3A1} = {0A4109A0-6E2C-4D28-A218-4A6066FE8AFB}
		{D775B971-5220-4918-9865-360411144AB3} = {0A4109A0-6E2C-4D28-A218-4A6066FE8AFB}
		{044A7DA5-7C76-4D19-9BC9-C0DE7A2C8F46} = {0A4109A0-6E2C-4D28-A218-4A6066FE8AFB}
	EndGlobalSection
	GlobalSection(ExtensibilityGlobals) = postSolution
		SolutionGuid = {F5CC9228-0411-43D4-BA5E-88F3EEBECF4C}
	EndGlobalSection
EndGlobal
